{
  "name": "@audio/weighting",
  "version": "1.2.0",
  "lockfileVersion": 3,
  "requires": true,
  "packages": {
    "": {
      "name": "@audio/weighting",
      "version": "1.2.0",
      "license": "MIT",
      "workspaces": [
        "packages/*"
      ],
      "dependencies": {
        "@audio/weighting-a": "^1.0.0",
        "@audio/weighting-b": "^1.0.0",
        "@audio/weighting-c": "^1.0.0",
        "@audio/weighting-d": "^1.0.0",
        "@audio/weighting-itu468": "^1.0.0",
        "@audio/weighting-k": "^1.0.0",
        "@audio/weighting-riaa": "^1.0.0"
      },
      "devDependencies": {
        "a-weighting": "^2.0.1",
        "tst": "^9.4.0"
      },
      "engines": {
        "node": ">=18"
      }
    },
    "node_modules/@audio/biquad": {
      "version": "1.2.0",
      "resolved": "https://registry.npmjs.org/@audio/biquad/-/biquad-1.2.0.tgz",
      "integrity": "sha512-2ya/NSmXFHWvHR9mJhIchO8DT0aCVfaX6cq9rxUp8MHU39ODJdrQ0vpoNZZjnIJQjFZI8s3qzFxD1MDOLWuSyQ==",
      "license": "MIT",
      "engines": {
        "node": ">=18"
      }
    },
    "node_modules/@audio/weighting-a": {
      "resolved": "packages/weighting-a",
      "link": true
    },
    "node_modules/@audio/weighting-b": {
      "resolved": "packages/weighting-b",
      "link": true
    },
    "node_modules/@audio/weighting-c": {
      "resolved": "packages/weighting-c",
      "link": true
    },
    "node_modules/@audio/weighting-d": {
      "resolved": "packages/weighting-d",
      "link": true
    },
    "node_modules/@audio/weighting-itu468": {
      "resolved": "packages/weighting-itu468",
      "link": true
    },
    "node_modules/@audio/weighting-k": {
      "resolved": "packages/weighting-k",
      "link": true
    },
    "node_modules/@audio/weighting-riaa": {
      "resolved": "packages/weighting-riaa",
      "link": true
    },
    "node_modules/a-weighting": {
      "version": "2.0.1",
      "resolved": "https://registry.npmjs.org/a-weighting/-/a-weighting-2.0.1.tgz",
      "integrity": "sha512-+k7cUPEfpzq8TIdYfQm/gIbdZTlmATx5My/7L/DA6LQD18sbkTD7db4D2d7IX2joSAxhtIQbDL1R1dfgx4El+Q==",
      "deprecated": "A/B/C-weighting + ITU-468 moved to @audio/weighting-{a,b,c,itu468} (also .response(f)). D-weighting and Z-weighting have no @audio equivalent yet -- this package remains the reference for those.",
      "dev": true,
      "license": "MIT"
    },
    "node_modules/digital-filter": {
      "version": "2.4.1",
      "resolved": "https://registry.npmjs.org/digital-filter/-/digital-filter-2.4.1.tgz",
      "integrity": "sha512-evhe3IvozrrChdHduGElEcRaVDQqxQDEl8kHeYRLqrCLTeyJgMzDzK8ZrRHKD4rzmUYnDfls8Yj5AKNypjRKPA==",
      "license": "MIT",
      "dependencies": {
        "window-function": "^3.0.1"
      },
      "engines": {
        "node": ">=18"
      }
    },
    "node_modules/tst": {
      "version": "9.4.0",
      "resolved": "https://registry.npmjs.org/tst/-/tst-9.4.0.tgz",
      "integrity": "sha512-LFC1yasMqhvL9hBJdA07nozlfS1RGy/7uiBCwRZcQH9zB4+n7XpxwYszzK//WQ2JVOLAUgU3d8ABEcrFLZE0vg==",
      "dev": true,
      "license": "MIT"
    },
    "node_modules/window-function": {
      "version": "3.0.1",
      "resolved": "https://registry.npmjs.org/window-function/-/window-function-3.0.1.tgz",
      "integrity": "sha512-leNaeoOe+AWGGL7i3UYC1diwxi1XGdypk+mBTdETtj7ptYikvcY1hw2qGsT0zhDBta1L3ynYLW3HjZq8gsLJ1w==",
      "license": "MIT",
      "engines": {
        "node": ">=18"
      }
    },
    "packages/weighting-a": {
      "name": "@audio/weighting-a",
      "version": "1.2.1",
      "license": "MIT",
      "dependencies": {
        "@audio/biquad": "^1.1.0",
        "digital-filter": "^2.0.0"
      },
      "engines": {
        "node": ">=18"
      }
    },
    "packages/weighting-b": {
      "name": "@audio/weighting-b",
      "version": "1.1.1",
      "license": "MIT",
      "dependencies": {
        "@audio/biquad": "^1.1.0",
        "digital-filter": "^2.0.0"
      },
      "engines": {
        "node": ">=18"
      }
    },
    "packages/weighting-c": {
      "name": "@audio/weighting-c",
      "version": "1.2.1",
      "license": "MIT",
      "dependencies": {
        "@audio/biquad": "^1.1.0",
        "digital-filter": "^2.0.0"
      },
      "engines": {
        "node": ">=18"
      }
    },
    "packages/weighting-d": {
      "name": "@audio/weighting-d",
      "version": "1.0.1",
      "license": "MIT",
      "dependencies": {
        "@audio/biquad": "^1.1.0",
        "digital-filter": "^2.0.0"
      },
      "engines": {
        "node": ">=18"
      }
    },
    "packages/weighting-itu468": {
      "name": "@audio/weighting-itu468",
      "version": "1.2.1",
      "license": "MIT",
      "dependencies": {
        "@audio/biquad": "^1.1.0",
        "digital-filter": "^2.0.0"
      },
      "engines": {
        "node": ">=18"
      }
    },
    "packages/weighting-k": {
      "name": "@audio/weighting-k",
      "version": "1.1.1",
      "license": "MIT",
      "dependencies": {
        "@audio/biquad": "^1.1.0"
      },
      "engines": {
        "node": ">=18"
      }
    },
    "packages/weighting-riaa": {
      "name": "@audio/weighting-riaa",
      "version": "1.1.1",
      "license": "MIT",
      "dependencies": {
        "@audio/biquad": "^1.1.0"
      },
      "engines": {
        "node": ">=18"
      }
    }
  }
}
